// !$*UTF8*$!
{
	archiveVersion = 1;
	classes = {
	};
	objectVersion = 46;
	objects = {

/* Begin PBXBuildFile section */
		E43133531F738A9D003AD553 /* AppDelegate.swift in Sources */ = {isa = PBXBuildFile; fileRef = E43133521F738A9D003AD553 /* AppDelegate.swift */; };
		E43133551F738A9D003AD553 /* ViewController.swift in Sources */ = {isa = PBXBuildFile; fileRef = E43133541F738A9D003AD553 /* ViewController.swift */; };
		E43133581F738A9D003AD553 /* Main.storyboard in Resources */ = {isa = PBXBuildFile; fileRef = E43133561F738A9D003AD553 /* Main.storyboard */; };
		E431335A1F738A9D003AD553 /* Assets.xcassets in Resources */ = {isa = PBXBuildFile; fileRef = E43133591F738A9D003AD553 /* Assets.xcassets */; };
		E431335D1F738A9D003AD553 /* LaunchScreen.storyboard in Resources */ = {isa = PBXBuildFile; fileRef = E431335B1F738A9D003AD553 /* LaunchScreen.storyboard */; };
		E43133651F73927B003AD553 /* calculator image.png in Resources */ = {isa = PBXBuildFile; fileRef = E43133641F73927B003AD553 /* calculator image.png */; };
/* End PBXBuildFile section */

/* Begin PBXFileReference section */
		E431334F1F738A9D003AD553 /* My_Calculator_Application.app */ = {isa = PBXFileReference; explicitFileType = wrapper.application; includeInIndex = 0; path = My_Calculator_Application.app; sourceTree = BUILT_PRODUCTS_DIR; };
		E43133521F738A9D003AD553 /* AppDelegate.swift */ = {isa = PBXFileReference; lastKnownFileType = sourcecode.swift; path = AppDelegate.swift; sourceTree = "<group>"; };
		E43133541F738A9D003AD553 /* ViewController.swift */ = {isa = PBXFileReference; lastKnownFileType = sourcecode.swift; path = ViewController.swift; sourceTree = "<group>"; };
		E43133571F738A9D003AD553 /* Base */ = {isa = PBXFileReference; lastKnownFileType = file.storyboard; name = Base; path = Base.lproj/Main.storyboard; sourceTree = "<group>"; };
		E43133591F738A9D003AD553 /* Assets.xcassets */ = {isa = PBXFileReference; lastKnownFileType = folder.assetcatalog; path = Assets.xcassets; sourceTree = "<group>"; };
		E431335C1F738A9D003AD553 /* Base */ = {isa = PBXFileReference; lastKnownFileType = file.storyboard; name = Base; path = Base.lproj/LaunchScreen.storyboard; sourceTree = "<group>"; };
		E431335E1F738A9D003AD553 /* Info.plist */ = {isa = PBXFileReference; lastKnownFileType = text.plist.xml; path = Info.plist; sourceTree = "<group>"; };
		E43133641F73927B003AD553 /* calculator image.png */ = {isa = PBXFileReference; lastKnownFileType = image.png; name = "calculator image.png"; path = "../../../../Downloads/calculator image.png"; sourceTree = "<group>"; };
/* End PBXFileReference section */

/* Begin PBXFrameworksBuildPhase section */
		E431334C1F738A9D003AD553 /* Frameworks */ = {
			isa = PBXFrameworksBuildPhase;
			buildActionMask = 2147483647;
			files = (
			);
			runOnlyForDeploymentPostprocessing = 0;
		};
/* End PBXFrameworksBuildPhase section */

/* Begin PBXGroup section */
		E43133461F738A9D003AD553 = {
			isa = PBXGroup;
			children = (
				E43133511F738A9D003AD553 /* My_Calculator_Application */,
				E43133501F738A9D003AD553 /* Products */,
			);
			sourceTree = "<group>";
		};
		E43133501F738A9D003AD553 /* Products */ = {
			isa = PBXGroup;
			children = (
				E431334F1F738A9D003AD553 /* My_Calculator_Application.app */,
			);
			name = Products;
			sourceTree = "<group>";
		};
		E43133511F738A9D003AD553 /* My_Calculator_Application */ = {
			isa = PBXGroup;
			children = (
				E43133521F738A9D003AD553 /* AppDelegate.swift */,
				E43133541F738A9D003AD553 /* ViewController.swift */,
				E43133561F738A9D003AD553 /* Main.storyboard */,
				E43133591F738A9D003AD553 /* Assets.xcassets */,
				E43133641F73927B003AD553 /* calculator image.png */,
				E431335B1F738A9D003AD553 /* LaunchScreen.storyboard */,
				E431335E1F738A9D003AD553 /* Info.plist */,
			);
			path = My_Calculator_Application;
			sourceTree = "<group>";
		};
/* End PBXGroup section */

/* Begin PBXNativeTarget section */
		E431334E1F738A9D003AD553 /* My_Calculator_Application */ = {
			isa = PBXNativeTarget;
			buildConfigurationList = E43133611F738A9D003AD553 /* Build configuration list for PBXNativeTarget "My_Calculator_Application" */;
			buildPhases = (
				E431334B1F738A9D003AD553 /* Sources */,
				E431334C1F738A9D003AD553 /* Frameworks */,
				E431334D1F738A9D003AD553 /* Resources */,
			);
			buildRules = (
			);
			dependencies = (
			);
			name = My_Calculator_Application;
			productName = My_Calculator_Application;
			productReference = E431334F1F738A9D003AD553 /* My_Calculator_Application.app */;
			productType = "com.apple.product-type.application";
		};
/* End PBXNativeTarget section */

/* Begin PBXProject section */
		E43133471F738A9D003AD553 /* Project object */ = {
			isa = PBXProject;
			attributes = {
				LastSwiftUpdateCheck = 0830;
				LastUpgradeCheck = 0830;
				ORGANIZATIONNAME = "Centennial College";
				TargetAttributes = {
					E431334E1F738A9D003AD553 = {
						CreatedOnToolsVersion = 8.3.3;
						DevelopmentTeam = 2BULHRS882;
						ProvisioningStyle = Automatic;
					};
				};
			};
			buildConfigurationList = E431334A1F738A9D003AD553 /* Build configuration list for PBXProject "My_Calculator_Application" */;
			compatibilityVersion = "Xcode 3.2";
			developmentRegion = English;
			hasScannedForEncodings = 0;
			knownRegions = (
				en,
				Base,
			);
			mainGroup = E43133461F738A9D003AD553;
			productRefGroup = E43133501F738A9D003AD553 /* Products */;
			projectDirPath = "";
			projectRoot = "";
			targets = (
				E431334E1F738A9D003AD553 /* My_Calculator_Application */,
			);
		};
/* End PBXProject section */

/* Begin PBXResourcesBuildPhase section */
		E431334D1F738A9D003AD553 /* Resources */ = {
			isa = PBXResourcesBuildPhase;
			buildActionMask = 2147483647;
			files = (
				E43133651F73927B003AD553 /* calculator image.png in Resources */,
				E431335D1F738A9D003AD553 /* LaunchScreen.storyboard in Resources */,
				E431335A1F738A9D003AD553 /* Assets.xcassets in Resources */,
				E43133581F738A9D003AD553 /* Main.storyboard in Resources */,
			);
			runOnlyForDeploymentPostprocessing = 0;
		};
/* End PBXResourcesBuildPhase section */

/* Begin PBXSourcesBuildPhase section */
		E431334B1F738A9D003AD553 /* Sources */ = {
			isa = PBXSourcesBuildPhase;
			buildActionMask = 2147483647;
			files = (
				E43133551F738A9D003AD553 /* ViewController.swift in Sources */,
				E43133531F738A9D003AD553 /* AppDelegate.swift in Sources */,
			);
			runOnlyForDeploymentPostprocessing = 0;
		};
/* End PBXSourcesBuildPhase section */

/* Begin PBXVariantGroup section */
		E43133561F738A9D003AD553 /* Main.storyboard */ = {
			isa = PBXVariantGroup;
			children = (
				E43133571F738A9D003AD553 /* Base */,
			);
			name = Main.storyboard;
			sourceTree = "<group>";
		};
		E431335B1F738A9D003AD553 /* LaunchScreen.storyboard */ = {
			isa = PBXVariantGroup;
			children = (
				E431335C1F738A9D003AD553 /* Base */,
			);
			name = LaunchScreen.storyboard;
			sourceTree = "<group>";
		};
/* End PBXVariantGroup section */

/* Begin XCBuildConfiguration section */
		E431335F1F738A9D003AD553 /* Debug */ = {
			isa = XCBuildConfiguration;
			buildSettings = {
				ALWAYS_SEARCH_USER_PATHS = NO;
				CLANG_ANALYZER_NONNULL = YES;
				CLANG_ANALYZER_NUMBER_OBJECT_CONVERSION = YES_AGGRESSIVE;
				CLANG_CXX_LANGUAGE_STANDARD = "gnu++0x";
				CLANG_CXX_LIBRARY = "libc++";
				CLANG_ENABLE_MODULES = YES;
				CLANG_ENABLE_OBJC_ARC = YES;
				CLANG_WARN_BOOL_CONVERSION = YES;
				CLANG_WARN_CONSTANT_CONVERSION = YES;
				CLANG_WARN_DIRECT_OBJC_ISA_USAGE = YES_ERROR;
				CLANG_WARN_DOCUMENTATION_COMMENTS = YES;
				CLANG_WARN_EMPTY_BODY = YES;
				CLANG_WARN_ENUM_CONVERSION = YES;
				CLANG_WARN_INFINITE_RECURSION = YES;
				CLANG_WARN_INT_CONVERSION = YES;
				CLANG_WARN_OBJC_ROOT_CLASS = YES_ERROR;
				CLANG_WARN_SUSPICIOUS_MOVE = YES;
				CLANG_WARN_UNREACHABLE_CODE = YES;
				CLANG_WARN__DUPLICATE_METHOD_MATCH = YES;
				"CODE_SIGN_IDENTITY[sdk=iphoneos*]" = "iPhone Developer";
				COPY_PHASE_STRIP = NO;
				DEBUG_INFORMATION_FORMAT = dwarf;
				ENABLE_STRICT_OBJC_MSGSEND = YES;
				ENABLE_TESTABILITY = YES;
				GCC_C_LANGUAGE_STANDARD = gnu99;
				GCC_DYNAMIC_NO_PIC = NO;
				GCC_NO_COMMON_BLOCKS = YES;
				GCC_OPTIMIZATION_LEVEL = 0;
				GCC_PREPROCESSOR_DEFINITIONS = (
					"DEBUG=1",
					"$(inherited)",
				);
				GCC_WARN_64_TO_32_BIT_CONVERSION = YES;
				GCC_WARN_ABOUT_RETURN_TYPE = YES_ERROR;
				GCC_WARN_UNDECLARED_SELECTOR = YES;
				GCC_WARN_UNINITIALIZED_AUTOS = YES_AGGRESSIVE;
				GCC_WARN_UNUSED_FUNCTION = YES;
				GCC_WARN_UNUSED_VARIABLE = YES;
				IPHONEOS_DEPLOYMENT_TARGET = 10.3;
				MTL_ENABLE_DEBUG_INFO = YES;
				ONLY_ACTIVE_ARCH = YES;
				SDKROOT = iphoneos;
				SWIFT_ACTIVE_COMPILATION_CONDITIONS = DEBUG;
				SWIFT_OPTIMIZATION_LEVEL = "-Onone";
			};
			name = Debug;
		};
		E43133601F738A9D003AD553 /* Release */ = {
			isa = XCBuildConfiguration;
			buildSettings = {
				ALWAYS_SEARCH_USER_PATHS = NO;
				CLANG_ANALYZER_NONNULL = YES;
				CLANG_ANALYZER_NUMBER_OBJECT_CONVERSION = YES_AGGRESSIVE;
				CLANG_CXX_LANGUAGE_STANDARD = "gnu++0x";
				CLANG_CXX_LIBRARY = "libc++";
				CLANG_ENABLE_MODULES = YES;
				CLANG_ENABLE_OBJC_ARC = YES;
				CLANG_WARN_BOOL_CONVERSION = YES;
				CLANG_WARN_CONSTANT_CONVERSION = YES;
				CLANG_WARN_DIRECT_OBJC_ISA_USAGE = YES_ERROR;
				CLANG_WARN_DOCUMENTATION_COMMENTS = YES;
				CLANG_WARN_EMPTY_BODY = YES;
				CLANG_WARN_ENUM_CONVERSION = YES;
				CLANG_WARN_INFINITE_RECURSION = YES;
				CLANG_WARN_INT_CONVERSION = YES;
				CLANG_WARN_OBJC_ROOT_CLASS = YES_ERROR;
				CLANG_WARN_SUSPICIOUS_MOVE = YES;
				CLANG_WARN_UNREACHABLE_CODE = YES;
				CLANG_WARN__DUPLICATE_METHOD_MATCH = YES;
				"CODE_SIGN_IDENTITY[sdk=iphoneos*]" = "iPhone Developer";
				COPY_PHASE_STRIP = NO;
				DEBUG_INFORMATION_FORMAT = "dwarf-with-dsym";
				ENABLE_NS_ASSERTIONS = NO;
				ENABLE_STRICT_OBJC_MSGSEND = YES;
				GCC_C_LANGUAGE_STANDARD = gnu99;
				GCC_NO_COMMON_BLOCKS = YES;
				GCC_WARN_64_TO_32_BIT_CONVERSION = YES;
				GCC_WARN_ABOUT_RETURN_TYPE = YES_ERROR;
				GCC_WARN_UNDECLARED_SELECTOR = YES;
				GCC_WARN_UNINITIALIZED_AUTOS = YES_AGGRESSIVE;
				GCC_WARN_UNUSED_FUNCTION = YES;
				GCC_WARN_UNUSED_VARIABLE = YES;
				IPHONEOS_DEPLOYMENT_TARGET = 10.3;
				MTL_ENABLE_DEBUG_INFO = NO;
				SDKROOT = iphoneos;
				SWIFT_OPTIMIZATION_LEVEL = "-Owholemodule";
				VALIDATE_PRODUCT = YES;
			};
			name = Release;
		};
		E43133621F738A9D003AD553 /* Debug */ = {
			isa = XCBuildConfiguration;
			buildSettings = {
				ASSETCATALOG_COMPILER_APPICON_NAME = AppIcon;
				DEVELOPMENT_TEAM = 2BULHRS882;
				INFOPLIST_FILE = My_Calculator_Application/Info.plist;
				LD_RUNPATH_SEARCH_PATHS = "$(inherited) @executable_path/Frameworks";
				PRODUCT_BUNDLE_IDENTIFIER = "ca.centennialcollege.My-Calculator-Application";
				PRODUCT_NAME = "$(TARGET_NAME)";
				SWIFT_VERSION = 3.0;
			};
			name = Debug;
		};
		E43133631F738A9D003AD553 /* Release */ = {
			isa = XCBuildConfiguration;
			buildSettings = {
				ASSETCATALOG_COMPILER_APPICON_NAME = AppIcon;
				DEVELOPMENT_TEAM = 2BULHRS882;
				INFOPLIST_FILE = My_Calculator_Application/Info.plist;
				LD_RUNPATH_SEARCH_PATHS = "$(inherited) @executable_path/Frameworks";
				PRODUCT_BUNDLE_IDENTIFIER = "ca.centennialcollege.My-Calculator-Application";
				PRODUCT_NAME = "$(TARGET_NAME)";
				SWIFT_VERSION = 3.0;
			};
			name = Release;
		};
/* End XCBuildConfiguration section */

/* Begin XCConfigurationList section */
		E431334A1F738A9D003AD553 /* Build configuration list for PBXProject "My_Calculator_Application" */ = {
			isa = XCConfigurationList;
			buildConfigurations = (
				E431335F1F738A9D003AD553 /* Debug */,
				E43133601F738A9D003AD553 /* Release */,
			);
			defaultConfigurationIsVisible = 0;
			defaultConfigurationName = Release;
		};
		E43133611F738A9D003AD553 /* Build configuration list for PBXNativeTarget "My_Calculator_Application" */ = {
			isa = XCConfigurationList;
			buildConfigurations = (
				E43133621F738A9D003AD553 /* Debug */,
				E43133631F738A9D003AD553 /* Release */,
			);
			defaultConfigurationIsVisible = 0;
		};
/* End XCConfigurationList section */
	};
	rootObject = E43133471F738A9D003AD553 /* Project object */;
}
